
Microsoft Visual Studio Solution File, Format Version 12.00
# Visual Studio 15
VisualStudioVersion = 15.0.26124.0
MinimumVisualStudioVersion = 15.0.26124.0
Project("{FAE04EC0-301F-11D3-BF4B-00C04F79EFBC}") = "Main", "Main\Main.csproj", "{ECFC6142-E560-47DC-B62F-F1E0E92262D9}"
EndProject
Project("{FAE04EC0-301F-11D3-BF4B-00C04F79EFBC}") = "Main.Tests", "Main.Tests\Main.Tests.csproj", "{C33C3ACC-09C1-411A-B8D7-A3890AB82C52}"
EndProject
Global
	GlobalSection(SolutionConfigurationPlatforms) = preSolution
		Debug|Any CPU = Debug|Any CPU
		Debug|x64 = Debug|x64
		Debug|x86 = Debug|x86
		Release|Any CPU = Release|Any CPU
		Release|x64 = Release|x64
		Release|x86 = Release|x86
	EndGlobalSection
	GlobalSection(SolutionProperties) = preSolution
		HideSolutionNode = FALSE
	EndGlobalSection
	GlobalSection(ProjectConfigurationPlatforms) = postSolution
		{ECFC6142-E560-47DC-B62F-F1E0E92262D9}.Debug|Any CPU.ActiveCfg = Debug|Any CPU
		{ECFC6142-E560-47DC-B62F-F1E0E92262D9}.Debug|Any CPU.Build.0 = Debug|Any CPU
		{ECFC6142-E560-47DC-B62F-F1E0E92262D9}.Debug|x64.ActiveCfg = Debug|Any CPU
		{ECFC6142-E560-47DC-B62F-F1E0E92262D9}.Debug|x64.Build.0 = Debug|Any CPU
		{ECFC6142-E560-47DC-B62F-F1E0E92262D9}.Debug|x86.ActiveCfg = Debug|Any CPU
		{ECFC6142-E560-47DC-B62F-F1E0E92262D9}.Debug|x86.Build.0 = Debug|Any CPU
		{ECFC6142-E560-47DC-B62F-F1E0E92262D9}.Release|Any CPU.ActiveCfg = Release|Any CPU
		{ECFC6142-E560-47DC-B62F-F1E0E92262D9}.Release|Any CPU.Build.0 = Release|Any CPU
		{ECFC6142-E560-47DC-B62F-F1E0E92262D9}.Release|x64.ActiveCfg = Release|Any CPU
		{ECFC6142-E560-47DC-B62F-F1E0E92262D9}.Release|x64.Build.0 = Release|Any CPU
		{ECFC6142-E560-47DC-B62F-F1E0E92262D9}.Release|x86.ActiveCfg = Release|Any CPU
		{ECFC6142-E560-47DC-B62F-F1E0E92262D9}.Release|x86.Build.0 = Release|Any CPU
		{C33C3ACC-09C1-411A-B8D7-A3890AB82C52}.Debug|Any CPU.ActiveCfg = Debug|Any CPU
		{C33C3ACC-09C1-411A-B8D7-A3890AB82C52}.Debug|Any CPU.Build.0 = Debug|Any CPU
		{C33C3ACC-09C1-411A-B8D7-A3890AB82C52}.Debug|x64.ActiveCfg = Debug|Any CPU
		{C33C3ACC-09C1-411A-B8D7-A3890AB82C52}.Debug|x64.Build.0 = Debug|Any CPU
		{C33C3ACC-09C1-411A-B8D7-A3890AB82C52}.Debug|x86.ActiveCfg = Debug|Any CPU
		{C33C3ACC-09C1-411A-B8D7-A3890AB82C52}.Debug|x86.Build.0 = Debug|Any CPU
		{C33C3ACC-09C1-411A-B8D7-A3890AB82C52}.Release|Any CPU.ActiveCfg = Release|Any CPU
		{C33C3ACC-09C1-411A-B8D7-A3890AB82C52}.Release|Any CPU.Build.0 = Release|Any CPU
		{C33C3ACC-09C1-411A-B8D7-A3890AB82C52}.Release|x64.ActiveCfg = Release|Any CPU
		{C33C3ACC-09C1-411A-B8D7-A3890AB82C52}.Release|x64.Build.0 = Release|Any CPU
		{C33C3ACC-09C1-411A-B8D7-A3890AB82C52}.Release|x86.ActiveCfg = Release|Any CPU
		{C33C3ACC-09C1-411A-B8D7-A3890AB82C52}.Release|x86.Build.0 = Release|Any CPU
	EndGlobalSection
EndGlobal
