
Microsoft Visual Studio Solution File, Format Version 12.00
# Visual Studio 15
VisualStudioVersion = 15.0.28010.2003
MinimumVisualStudioVersion = 10.0.40219.1
Project("{FAE04EC0-301F-11D3-BF4B-00C04F79EFBC}") = "switch-unclean", "switch-unclean\switch-unclean.csproj", "{86F87629-E1AA-4931-9F8A-B29974056E93}"
EndProject
Project("{FAE04EC0-301F-11D3-BF4B-00C04F79EFBC}") = "SwitchUncleanTests", "..\..\..\test\C#\SwitchUncleanTests\SwitchUncleanTests.csproj", "{20F85A75-51B9-4CE4-951F-9C107A09C2A5}"
EndProject
Project("{FAE04EC0-301F-11D3-BF4B-00C04F79EFBC}") = "SwitchClean", "..\..\..\..\..\ex02-switch-clean\src\main\C#\SwitchClean\SwitchClean.csproj", "{FA1CC356-5BD4-44CD-AEBE-DF0B876C744C}"
EndProject
Project("{9A19103F-16F7-4668-BE54-9A1E7A4F7556}") = "SwitchCleanTests", "..\..\..\..\..\ex02-switch-clean\src\test\C#\SwitchCleanTests\SwitchCleanTests.csproj", "{9F499DE7-59EA-42E5-A814-3BB7288FCD66}"
EndProject
Global
	GlobalSection(SolutionConfigurationPlatforms) = preSolution
		Debug|Any CPU = Debug|Any CPU
		Release|Any CPU = Release|Any CPU
	EndGlobalSection
	GlobalSection(ProjectConfigurationPlatforms) = postSolution
		{86F87629-E1AA-4931-9F8A-B29974056E93}.Debug|Any CPU.ActiveCfg = Debug|Any CPU
		{86F87629-E1AA-4931-9F8A-B29974056E93}.Debug|Any CPU.Build.0 = Debug|Any CPU
		{86F87629-E1AA-4931-9F8A-B29974056E93}.Release|Any CPU.ActiveCfg = Release|Any CPU
		{86F87629-E1AA-4931-9F8A-B29974056E93}.Release|Any CPU.Build.0 = Release|Any CPU
		{20F85A75-51B9-4CE4-951F-9C107A09C2A5}.Debug|Any CPU.ActiveCfg = Debug|Any CPU
		{20F85A75-51B9-4CE4-951F-9C107A09C2A5}.Debug|Any CPU.Build.0 = Debug|Any CPU
		{20F85A75-51B9-4CE4-951F-9C107A09C2A5}.Release|Any CPU.ActiveCfg = Release|Any CPU
		{20F85A75-51B9-4CE4-951F-9C107A09C2A5}.Release|Any CPU.Build.0 = Release|Any CPU
		{FA1CC356-5BD4-44CD-AEBE-DF0B876C744C}.Debug|Any CPU.ActiveCfg = Debug|Any CPU
		{FA1CC356-5BD4-44CD-AEBE-DF0B876C744C}.Debug|Any CPU.Build.0 = Debug|Any CPU
		{FA1CC356-5BD4-44CD-AEBE-DF0B876C744C}.Release|Any CPU.ActiveCfg = Release|Any CPU
		{FA1CC356-5BD4-44CD-AEBE-DF0B876C744C}.Release|Any CPU.Build.0 = Release|Any CPU
		{9F499DE7-59EA-42E5-A814-3BB7288FCD66}.Debug|Any CPU.ActiveCfg = Debug|Any CPU
		{9F499DE7-59EA-42E5-A814-3BB7288FCD66}.Debug|Any CPU.Build.0 = Debug|Any CPU
		{9F499DE7-59EA-42E5-A814-3BB7288FCD66}.Release|Any CPU.ActiveCfg = Release|Any CPU
		{9F499DE7-59EA-42E5-A814-3BB7288FCD66}.Release|Any CPU.Build.0 = Release|Any CPU
	EndGlobalSection
	GlobalSection(SolutionProperties) = preSolution
		HideSolutionNode = FALSE
	EndGlobalSection
	GlobalSection(ExtensibilityGlobals) = postSolution
		SolutionGuid = {CFB72C35-ABA3-4DE2-AB11-282E580F1248}
	EndGlobalSection
EndGlobal
